// !$*UTF8*$!
{
	archiveVersion = 1;
	classes = {
	};
	objectVersion = 56;
	objects = {

/* Begin PBXBuildFile section */
		3F914AF75AD6B5ADB22BE388 /* amplifyconfiguration.json in Resources */ = {isa = PBXBuildFile; fileRef = 3112C6B65DDF6A22D97254D2 /* amplifyconfiguration.json */; };
		C749CA6169F044314AB8210F /* awsconfiguration.json in Resources */ = {isa = PBXBuildFile; fileRef = AC33BA15B2B90BB5AC413C3F /* awsconfiguration.json */; };
		CA462FDB2AB9026400FE5F1B /* AppDelegate.swift in Sources */ = {isa = PBXBuildFile; fileRef = CA462FDA2AB9026400FE5F1B /* AppDelegate.swift */; };
		CA462FDD2AB9026400FE5F1B /* SceneDelegate.swift in Sources */ = {isa = PBXBuildFile; fileRef = CA462FDC2AB9026400FE5F1B /* SceneDelegate.swift */; };
		CA462FDF2AB9026400FE5F1B /* ViewController.swift in Sources */ = {isa = PBXBuildFile; fileRef = CA462FDE2AB9026400FE5F1B /* ViewController.swift */; };
		CA462FE22AB9026400FE5F1B /* Main.storyboard in Resources */ = {isa = PBXBuildFile; fileRef = CA462FE02AB9026400FE5F1B /* Main.storyboard */; };
		CA462FE42AB9026700FE5F1B /* Assets.xcassets in Resources */ = {isa = PBXBuildFile; fileRef = CA462FE32AB9026700FE5F1B /* Assets.xcassets */; };
		CA462FE72AB9026700FE5F1B /* LaunchScreen.storyboard in Resources */ = {isa = PBXBuildFile; fileRef = CA462FE52AB9026700FE5F1B /* LaunchScreen.storyboard */; };
		CA462FF02AB9030E00FE5F1B /* AWSCognitoAuthPlugin in Frameworks */ = {isa = PBXBuildFile; productRef = CA462FEF2AB9030E00FE5F1B /* AWSCognitoAuthPlugin */; };
		CA462FF22AB9030E00FE5F1B /* AWSS3StoragePlugin in Frameworks */ = {isa = PBXBuildFile; productRef = CA462FF12AB9030E00FE5F1B /* AWSS3StoragePlugin */; };
		CA462FF42AB9030E00FE5F1B /* Amplify in Frameworks */ = {isa = PBXBuildFile; productRef = CA462FF32AB9030E00FE5F1B /* Amplify */; };
/* End PBXBuildFile section */

/* Begin PBXFileReference section */
		3112C6B65DDF6A22D97254D2 /* amplifyconfiguration.json */ = {isa = PBXFileReference; explicitFileType = text.json; path = amplifyconfiguration.json; sourceTree = "<group>"; };
		AC33BA15B2B90BB5AC413C3F /* awsconfiguration.json */ = {isa = PBXFileReference; explicitFileType = text.json; path = awsconfiguration.json; sourceTree = "<group>"; };
		CA462FD72AB9026400FE5F1B /* AmplifyStorage.app */ = {isa = PBXFileReference; explicitFileType = wrapper.application; includeInIndex = 0; path = AmplifyStorage.app; sourceTree = BUILT_PRODUCTS_DIR; };
		CA462FDA2AB9026400FE5F1B /* AppDelegate.swift */ = {isa = PBXFileReference; lastKnownFileType = sourcecode.swift; path = AppDelegate.swift; sourceTree = "<group>"; };
		CA462FDC2AB9026400FE5F1B /* SceneDelegate.swift */ = {isa = PBXFileReference; lastKnownFileType = sourcecode.swift; path = SceneDelegate.swift; sourceTree = "<group>"; };
		CA462FDE2AB9026400FE5F1B /* ViewController.swift */ = {isa = PBXFileReference; lastKnownFileType = sourcecode.swift; path = ViewController.swift; sourceTree = "<group>"; };
		CA462FE12AB9026400FE5F1B /* Base */ = {isa = PBXFileReference; lastKnownFileType = file.storyboard; name = Base; path = Base.lproj/Main.storyboard; sourceTree = "<group>"; };
		CA462FE32AB9026700FE5F1B /* Assets.xcassets */ = {isa = PBXFileReference; lastKnownFileType = folder.assetcatalog; path = Assets.xcassets; sourceTree = "<group>"; };
		CA462FE62AB9026700FE5F1B /* Base */ = {isa = PBXFileReference; lastKnownFileType = file.storyboard; name = Base; path = Base.lproj/LaunchScreen.storyboard; sourceTree = "<group>"; };
		CA462FE82AB9026700FE5F1B /* Info.plist */ = {isa = PBXFileReference; lastKnownFileType = text.plist.xml; path = Info.plist; sourceTree = "<group>"; };
/* End PBXFileReference section */

/* Begin PBXFrameworksBuildPhase section */
		CA462FD42AB9026400FE5F1B /* Frameworks */ = {
			isa = PBXFrameworksBuildPhase;
			buildActionMask = 2147483647;
			files = (
				CA462FF42AB9030E00FE5F1B /* Amplify in Frameworks */,
				CA462FF02AB9030E00FE5F1B /* AWSCognitoAuthPlugin in Frameworks */,
				CA462FF22AB9030E00FE5F1B /* AWSS3StoragePlugin in Frameworks */,
			);
			runOnlyForDeploymentPostprocessing = 0;
		};
/* End PBXFrameworksBuildPhase section */

/* Begin PBXGroup section */
		687708EF5833AA71353C9A63 /* AmplifyConfig */ = {
			isa = PBXGroup;
			children = (
				AC33BA15B2B90BB5AC413C3F /* awsconfiguration.json */,
				3112C6B65DDF6A22D97254D2 /* amplifyconfiguration.json */,
			);
			name = AmplifyConfig;
			sourceTree = "<group>";
		};
		CA462FCE2AB9026400FE5F1B = {
			isa = PBXGroup;
			children = (
				CA462FD92AB9026400FE5F1B /* AmplifyStorage */,
				CA462FD82AB9026400FE5F1B /* Products */,
				687708EF5833AA71353C9A63 /* AmplifyConfig */,
			);
			sourceTree = "<group>";
		};
		CA462FD82AB9026400FE5F1B /* Products */ = {
			isa = PBXGroup;
			children = (
				CA462FD72AB9026400FE5F1B /* AmplifyStorage.app */,
			);
			name = Products;
			sourceTree = "<group>";
		};
		CA462FD92AB9026400FE5F1B /* AmplifyStorage */ = {
			isa = PBXGroup;
			children = (
				CA462FDA2AB9026400FE5F1B /* AppDelegate.swift */,
				CA462FDC2AB9026400FE5F1B /* SceneDelegate.swift */,
				CA462FDE2AB9026400FE5F1B /* ViewController.swift */,
				CA462FE02AB9026400FE5F1B /* Main.storyboard */,
				CA462FE32AB9026700FE5F1B /* Assets.xcassets */,
				CA462FE52AB9026700FE5F1B /* LaunchScreen.storyboard */,
				CA462FE82AB9026700FE5F1B /* Info.plist */,
			);
			path = AmplifyStorage;
			sourceTree = "<group>";
		};
/* End PBXGroup section */

/* Begin PBXNativeTarget section */
		CA462FD62AB9026400FE5F1B /* AmplifyStorage */ = {
			isa = PBXNativeTarget;
			buildConfigurationList = CA462FEB2AB9026700FE5F1B /* Build configuration list for PBXNativeTarget "AmplifyStorage" */;
			buildPhases = (
				CA462FD32AB9026400FE5F1B /* Sources */,
				CA462FD42AB9026400FE5F1B /* Frameworks */,
				CA462FD52AB9026400FE5F1B /* Resources */,
			);
			buildRules = (
			);
			dependencies = (
			);
			name = AmplifyStorage;
			packageProductDependencies = (
				CA462FEF2AB9030E00FE5F1B /* AWSCognitoAuthPlugin */,
				CA462FF12AB9030E00FE5F1B /* AWSS3StoragePlugin */,
				CA462FF32AB9030E00FE5F1B /* Amplify */,
			);
			productName = AmplifyStorage;
			productReference = CA462FD72AB9026400FE5F1B /* AmplifyStorage.app */;
			productType = "com.apple.product-type.application";
		};
/* End PBXNativeTarget section */

/* Begin PBXProject section */
		CA462FCF2AB9026400FE5F1B /* Project object */ = {
			isa = PBXProject;
			attributes = {
				BuildIndependentTargetsInParallel = 1;
				LastSwiftUpdateCheck = 1430;
				LastUpgradeCheck = 1430;
				TargetAttributes = {
					CA462FD62AB9026400FE5F1B = {
						CreatedOnToolsVersion = 14.3.1;
					};
				};
			};
			buildConfigurationList = CA462FD22AB9026400FE5F1B /* Build configuration list for PBXProject "AmplifyStorage" */;
			compatibilityVersion = "Xcode 14.0";
			developmentRegion = en;
			hasScannedForEncodings = 0;
			knownRegions = (
				en,
				Base,
			);
			mainGroup = CA462FCE2AB9026400FE5F1B;
			packageReferences = (
				CA462FEE2AB9030E00FE5F1B /* XCRemoteSwiftPackageReference "amplify-swift" */,
			);
			productRefGroup = CA462FD82AB9026400FE5F1B /* Products */;
			projectDirPath = "";
			projectRoot = "";
			targets = (
				CA462FD62AB9026400FE5F1B /* AmplifyStorage */,
			);
		};
/* End PBXProject section */

/* Begin PBXResourcesBuildPhase section */
		CA462FD52AB9026400FE5F1B /* Resources */ = {
			isa = PBXResourcesBuildPhase;
			buildActionMask = 2147483647;
			files = (
				CA462FE72AB9026700FE5F1B /* LaunchScreen.storyboard in Resources */,
				CA462FE42AB9026700FE5F1B /* Assets.xcassets in Resources */,
				CA462FE22AB9026400FE5F1B /* Main.storyboard in Resources */,
				C749CA6169F044314AB8210F /* awsconfiguration.json in Resources */,
				3F914AF75AD6B5ADB22BE388 /* amplifyconfiguration.json in Resources */,
			);
			runOnlyForDeploymentPostprocessing = 0;
		};
/* End PBXResourcesBuildPhase section */

/* Begin PBXSourcesBuildPhase section */
		CA462FD32AB9026400FE5F1B /* Sources */ = {
			isa = PBXSourcesBuildPhase;
			buildActionMask = 2147483647;
			files = (
				CA462FDF2AB9026400FE5F1B /* ViewController.swift in Sources */,
				CA462FDB2AB9026400FE5F1B /* AppDelegate.swift in Sources */,
				CA462FDD2AB9026400FE5F1B /* SceneDelegate.swift in Sources */,
			);
			runOnlyForDeploymentPostprocessing = 0;
		};
/* End PBXSourcesBuildPhase section */

/* Begin PBXVariantGroup section */
		CA462FE02AB9026400FE5F1B /* Main.storyboard */ = {
			isa = PBXVariantGroup;
			children = (
				CA462FE12AB9026400FE5F1B /* Base */,
			);
			name = Main.storyboard;
			sourceTree = "<group>";
		};
		CA462FE52AB9026700FE5F1B /* LaunchScreen.storyboard */ = {
			isa = PBXVariantGroup;
			children = (
				CA462FE62AB9026700FE5F1B /* Base */,
			);
			name = LaunchScreen.storyboard;
			sourceTree = "<group>";
		};
/* End PBXVariantGroup section */

/* Begin XCBuildConfiguration section */
		CA462FE92AB9026700FE5F1B /* Debug */ = {
			isa = XCBuildConfiguration;
			buildSettings = {
				ALWAYS_SEARCH_USER_PATHS = NO;
				CLANG_ANALYZER_NONNULL = YES;
				CLANG_ANALYZER_NUMBER_OBJECT_CONVERSION = YES_AGGRESSIVE;
				CLANG_CXX_LANGUAGE_STANDARD = "gnu++20";
				CLANG_ENABLE_MODULES = YES;
				CLANG_ENABLE_OBJC_ARC = YES;
				CLANG_ENABLE_OBJC_WEAK = YES;
				CLANG_WARN_BLOCK_CAPTURE_AUTORELEASING = YES;
				CLANG_WARN_BOOL_CONVERSION = YES;
				CLANG_WARN_COMMA = YES;
				CLANG_WARN_CONSTANT_CONVERSION = YES;
				CLANG_WARN_DEPRECATED_OBJC_IMPLEMENTATIONS = YES;
				CLANG_WARN_DIRECT_OBJC_ISA_USAGE = YES_ERROR;
				CLANG_WARN_DOCUMENTATION_COMMENTS = YES;
				CLANG_WARN_EMPTY_BODY = YES;
				CLANG_WARN_ENUM_CONVERSION = YES;
				CLANG_WARN_INFINITE_RECURSION = YES;
				CLANG_WARN_INT_CONVERSION = YES;
				CLANG_WARN_NON_LITERAL_NULL_CONVERSION = YES;
				CLANG_WARN_OBJC_IMPLICIT_RETAIN_SELF = YES;
				CLANG_WARN_OBJC_LITERAL_CONVERSION = YES;
				CLANG_WARN_OBJC_ROOT_CLASS = YES_ERROR;
				CLANG_WARN_QUOTED_INCLUDE_IN_FRAMEWORK_HEADER = YES;
				CLANG_WARN_RANGE_LOOP_ANALYSIS = YES;
				CLANG_WARN_STRICT_PROTOTYPES = YES;
				CLANG_WARN_SUSPICIOUS_MOVE = YES;
				CLANG_WARN_UNGUARDED_AVAILABILITY = YES_AGGRESSIVE;
				CLANG_WARN_UNREACHABLE_CODE = YES;
				CLANG_WARN__DUPLICATE_METHOD_MATCH = YES;
				COPY_PHASE_STRIP = NO;
				DEBUG_INFORMATION_FORMAT = dwarf;
				ENABLE_STRICT_OBJC_MSGSEND = YES;
				ENABLE_TESTABILITY = YES;
				GCC_C_LANGUAGE_STANDARD = gnu11;
				GCC_DYNAMIC_NO_PIC = NO;
				GCC_NO_COMMON_BLOCKS = YES;
				GCC_OPTIMIZATION_LEVEL = 0;
				GCC_PREPROCESSOR_DEFINITIONS = (
					"DEBUG=1",
					"$(inherited)",
				);
				GCC_WARN_64_TO_32_BIT_CONVERSION = YES;
				GCC_WARN_ABOUT_RETURN_TYPE = YES_ERROR;
				GCC_WARN_UNDECLARED_SELECTOR = YES;
				GCC_WARN_UNINITIALIZED_AUTOS = YES_AGGRESSIVE;
				GCC_WARN_UNUSED_FUNCTION = YES;
				GCC_WARN_UNUSED_VARIABLE = YES;
				IPHONEOS_DEPLOYMENT_TARGET = 16.4;
				MTL_ENABLE_DEBUG_INFO = INCLUDE_SOURCE;
				MTL_FAST_MATH = YES;
				ONLY_ACTIVE_ARCH = YES;
				SDKROOT = iphoneos;
				SWIFT_ACTIVE_COMPILATION_CONDITIONS = DEBUG;
				SWIFT_OPTIMIZATION_LEVEL = "-Onone";
			};
			name = Debug;
		};
		CA462FEA2AB9026700FE5F1B /* Release */ = {
			isa = XCBuildConfiguration;
			buildSettings = {
				ALWAYS_SEARCH_USER_PATHS = NO;
				CLANG_ANALYZER_NONNULL = YES;
				CLANG_ANALYZER_NUMBER_OBJECT_CONVERSION = YES_AGGRESSIVE;
				CLANG_CXX_LANGUAGE_STANDARD = "gnu++20";
				CLANG_ENABLE_MODULES = YES;
				CLANG_ENABLE_OBJC_ARC = YES;
				CLANG_ENABLE_OBJC_WEAK = YES;
				CLANG_WARN_BLOCK_CAPTURE_AUTORELEASING = YES;
				CLANG_WARN_BOOL_CONVERSION = YES;
				CLANG_WARN_COMMA = YES;
				CLANG_WARN_CONSTANT_CONVERSION = YES;
				CLANG_WARN_DEPRECATED_OBJC_IMPLEMENTATIONS = YES;
				CLANG_WARN_DIRECT_OBJC_ISA_USAGE = YES_ERROR;
				CLANG_WARN_DOCUMENTATION_COMMENTS = YES;
				CLANG_WARN_EMPTY_BODY = YES;
				CLANG_WARN_ENUM_CONVERSION = YES;
				CLANG_WARN_INFINITE_RECURSION = YES;
				CLANG_WARN_INT_CONVERSION = YES;
				CLANG_WARN_NON_LITERAL_NULL_CONVERSION = YES;
				CLANG_WARN_OBJC_IMPLICIT_RETAIN_SELF = YES;
				CLANG_WARN_OBJC_LITERAL_CONVERSION = YES;
				CLANG_WARN_OBJC_ROOT_CLASS = YES_ERROR;
				CLANG_WARN_QUOTED_INCLUDE_IN_FRAMEWORK_HEADER = YES;
				CLANG_WARN_RANGE_LOOP_ANALYSIS = YES;
				CLANG_WARN_STRICT_PROTOTYPES = YES;
				CLANG_WARN_SUSPICIOUS_MOVE = YES;
				CLANG_WARN_UNGUARDED_AVAILABILITY = YES_AGGRESSIVE;
				CLANG_WARN_UNREACHABLE_CODE = YES;
				CLANG_WARN__DUPLICATE_METHOD_MATCH = YES;
				COPY_PHASE_STRIP = NO;
				DEBUG_INFORMATION_FORMAT = "dwarf-with-dsym";
				ENABLE_NS_ASSERTIONS = NO;
				ENABLE_STRICT_OBJC_MSGSEND = YES;
				GCC_C_LANGUAGE_STANDARD = gnu11;
				GCC_NO_COMMON_BLOCKS = YES;
				GCC_WARN_64_TO_32_BIT_CONVERSION = YES;
				GCC_WARN_ABOUT_RETURN_TYPE = YES_ERROR;
				GCC_WARN_UNDECLARED_SELECTOR = YES;
				GCC_WARN_UNINITIALIZED_AUTOS = YES_AGGRESSIVE;
				GCC_WARN_UNUSED_FUNCTION = YES;
				GCC_WARN_UNUSED_VARIABLE = YES;
				IPHONEOS_DEPLOYMENT_TARGET = 16.4;
				MTL_ENABLE_DEBUG_INFO = NO;
				MTL_FAST_MATH = YES;
				SDKROOT = iphoneos;
				SWIFT_COMPILATION_MODE = wholemodule;
				SWIFT_OPTIMIZATION_LEVEL = "-O";
				VALIDATE_PRODUCT = YES;
			};
			name = Release;
		};
		CA462FEC2AB9026700FE5F1B /* Debug */ = {
			isa = XCBuildConfiguration;
			buildSettings = {
				ASSETCATALOG_COMPILER_APPICON_NAME = AppIcon;
				ASSETCATALOG_COMPILER_GLOBAL_ACCENT_COLOR_NAME = AccentColor;
				CODE_SIGN_STYLE = Automatic;
				CURRENT_PROJECT_VERSION = 1;
				DEVELOPMENT_TEAM = 65X3HXAMQB;
				GENERATE_INFOPLIST_FILE = YES;
				INFOPLIST_FILE = AmplifyStorage/Info.plist;
				INFOPLIST_KEY_NSCameraUsageDescription = "Please allow camera use to take photos";
				INFOPLIST_KEY_UIApplicationSupportsIndirectInputEvents = YES;
				INFOPLIST_KEY_UILaunchStoryboardName = LaunchScreen;
				INFOPLIST_KEY_UIMainStoryboardFile = Main;
				INFOPLIST_KEY_UISupportedInterfaceOrientations_iPad = "UIInterfaceOrientationPortrait UIInterfaceOrientationPortraitUpsideDown UIInterfaceOrientationLandscapeLeft UIInterfaceOrientationLandscapeRight";
				INFOPLIST_KEY_UISupportedInterfaceOrientations_iPhone = "UIInterfaceOrientationPortrait UIInterfaceOrientationLandscapeLeft UIInterfaceOrientationLandscapeRight";
				LD_RUNPATH_SEARCH_PATHS = (
					"$(inherited)",
					"@executable_path/Frameworks",
				);
				MARKETING_VERSION = 1.0;
				PRODUCT_BUNDLE_IDENTIFIER = com.bootcampinstitute.AmplifyStorage;
				PRODUCT_NAME = "$(TARGET_NAME)";
				SWIFT_EMIT_LOC_STRINGS = YES;
				SWIFT_VERSION = 5.0;
				TARGETED_DEVICE_FAMILY = "1,2";
			};
			name = Debug;
		};
		CA462FED2AB9026700FE5F1B /* Release */ = {
			isa = XCBuildConfiguration;
			buildSettings = {
				ASSETCATALOG_COMPILER_APPICON_NAME = AppIcon;
				ASSETCATALOG_COMPILER_GLOBAL_ACCENT_COLOR_NAME = AccentColor;
				CODE_SIGN_STYLE = Automatic;
				CURRENT_PROJECT_VERSION = 1;
				DEVELOPMENT_TEAM = 65X3HXAMQB;
				GENERATE_INFOPLIST_FILE = YES;
				INFOPLIST_FILE = AmplifyStorage/Info.plist;
				INFOPLIST_KEY_NSCameraUsageDescription = "Please allow camera use to take photos";
				INFOPLIST_KEY_UIApplicationSupportsIndirectInputEvents = YES;
				INFOPLIST_KEY_UILaunchStoryboardName = LaunchScreen;
				INFOPLIST_KEY_UIMainStoryboardFile = Main;
				INFOPLIST_KEY_UISupportedInterfaceOrientations_iPad = "UIInterfaceOrientationPortrait UIInterfaceOrientationPortraitUpsideDown UIInterfaceOrientationLandscapeLeft UIInterfaceOrientationLandscapeRight";
				INFOPLIST_KEY_UISupportedInterfaceOrientations_iPhone = "UIInterfaceOrientationPortrait UIInterfaceOrientationLandscapeLeft UIInterfaceOrientationLandscapeRight";
				LD_RUNPATH_SEARCH_PATHS = (
					"$(inherited)",
					"@executable_path/Frameworks",
				);
				MARKETING_VERSION = 1.0;
				PRODUCT_BUNDLE_IDENTIFIER = com.bootcampinstitute.AmplifyStorage;
				PRODUCT_NAME = "$(TARGET_NAME)";
				SWIFT_EMIT_LOC_STRINGS = YES;
				SWIFT_VERSION = 5.0;
				TARGETED_DEVICE_FAMILY = "1,2";
			};
			name = Release;
		};
/* End XCBuildConfiguration section */

/* Begin XCConfigurationList section */
		CA462FD22AB9026400FE5F1B /* Build configuration list for PBXProject "AmplifyStorage" */ = {
			isa = XCConfigurationList;
			buildConfigurations = (
				CA462FE92AB9026700FE5F1B /* Debug */,
				CA462FEA2AB9026700FE5F1B /* Release */,
			);
			defaultConfigurationIsVisible = 0;
			defaultConfigurationName = Release;
		};
		CA462FEB2AB9026700FE5F1B /* Build configuration list for PBXNativeTarget "AmplifyStorage" */ = {
			isa = XCConfigurationList;
			buildConfigurations = (
				CA462FEC2AB9026700FE5F1B /* Debug */,
				CA462FED2AB9026700FE5F1B /* Release */,
			);
			defaultConfigurationIsVisible = 0;
			defaultConfigurationName = Release;
		};
/* End XCConfigurationList section */

/* Begin XCRemoteSwiftPackageReference section */
		CA462FEE2AB9030E00FE5F1B /* XCRemoteSwiftPackageReference "amplify-swift" */ = {
			isa = XCRemoteSwiftPackageReference;
			repositoryURL = "https://github.com/aws-amplify/amplify-swift";
			requirement = {
				kind = upToNextMajorVersion;
				minimumVersion = 2.0.0;
			};
		};
/* End XCRemoteSwiftPackageReference section */

/* Begin XCSwiftPackageProductDependency section */
		CA462FEF2AB9030E00FE5F1B /* AWSCognitoAuthPlugin */ = {
			isa = XCSwiftPackageProductDependency;
			package = CA462FEE2AB9030E00FE5F1B /* XCRemoteSwiftPackageReference "amplify-swift" */;
			productName = AWSCognitoAuthPlugin;
		};
		CA462FF12AB9030E00FE5F1B /* AWSS3StoragePlugin */ = {
			isa = XCSwiftPackageProductDependency;
			package = CA462FEE2AB9030E00FE5F1B /* XCRemoteSwiftPackageReference "amplify-swift" */;
			productName = AWSS3StoragePlugin;
		};
		CA462FF32AB9030E00FE5F1B /* Amplify */ = {
			isa = XCSwiftPackageProductDependency;
			package = CA462FEE2AB9030E00FE5F1B /* XCRemoteSwiftPackageReference "amplify-swift" */;
			productName = Amplify;
		};
/* End XCSwiftPackageProductDependency section */
	};
	rootObject = CA462FCF2AB9026400FE5F1B /* Project object */;
}
